
Microsoft Visual Studio Solution File, Format Version 12.00
# Visual Studio Version 16
VisualStudioVersion = 16.0.31229.75
MinimumVisualStudioVersion = 10.0.40219.1
Project("{FAE04EC0-301F-11D3-BF4B-00C04F79EFBC}") = "framecontroller.Android", "framecontroller\framecontroller.Android\framecontroller.Android.csproj", "{DABB18E7-473E-407E-B301-1B863A42A3F9}"
EndProject
Project("{FAE04EC0-301F-11D3-BF4B-00C04F79EFBC}") = "framecontroller.iOS", "framecontroller\framecontroller.iOS\framecontroller.iOS.csproj", "{4658BED1-D1DB-4D52-A19F-CB66B32A9497}"
EndProject
Project("{9A19103F-16F7-4668-BE54-9A1E7A4F7556}") = "framecontroller", "framecontroller\framecontroller\framecontroller.csproj", "{42C59D1A-5714-4A22-B13E-226CA4185502}"
EndProject
Global
	GlobalSection(SolutionConfigurationPlatforms) = preSolution
		Debug|Any CPU = Debug|Any CPU
		Debug|iPhone = Debug|iPhone
		Debug|iPhoneSimulator = Debug|iPhoneSimulator
		Release|Any CPU = Release|Any CPU
		Release|iPhone = Release|iPhone
		Release|iPhoneSimulator = Release|iPhoneSimulator
	EndGlobalSection
	GlobalSection(ProjectConfigurationPlatforms) = postSolution
		{DABB18E7-473E-407E-B301-1B863A42A3F9}.Debug|Any CPU.ActiveCfg = Debug|Any CPU
		{DABB18E7-473E-407E-B301-1B863A42A3F9}.Debug|Any CPU.Build.0 = Debug|Any CPU
		{DABB18E7-473E-407E-B301-1B863A42A3F9}.Debug|Any CPU.Deploy.0 = Debug|Any CPU
		{DABB18E7-473E-407E-B301-1B863A42A3F9}.Debug|iPhone.ActiveCfg = Debug|Any CPU
		{DABB18E7-473E-407E-B301-1B863A42A3F9}.Debug|iPhone.Build.0 = Debug|Any CPU
		{DABB18E7-473E-407E-B301-1B863A42A3F9}.Debug|iPhone.Deploy.0 = Debug|Any CPU
		{DABB18E7-473E-407E-B301-1B863A42A3F9}.Debug|iPhoneSimulator.ActiveCfg = Debug|Any CPU
		{DABB18E7-473E-407E-B301-1B863A42A3F9}.Debug|iPhoneSimulator.Build.0 = Debug|Any CPU
		{DABB18E7-473E-407E-B301-1B863A42A3F9}.Debug|iPhoneSimulator.Deploy.0 = Debug|Any CPU
		{DABB18E7-473E-407E-B301-1B863A42A3F9}.Release|Any CPU.ActiveCfg = Release|Any CPU
		{DABB18E7-473E-407E-B301-1B863A42A3F9}.Release|Any CPU.Build.0 = Release|Any CPU
		{DABB18E7-473E-407E-B301-1B863A42A3F9}.Release|Any CPU.Deploy.0 = Release|Any CPU
		{DABB18E7-473E-407E-B301-1B863A42A3F9}.Release|iPhone.ActiveCfg = Release|Any CPU
		{DABB18E7-473E-407E-B301-1B863A42A3F9}.Release|iPhone.Build.0 = Release|Any CPU
		{DABB18E7-473E-407E-B301-1B863A42A3F9}.Release|iPhone.Deploy.0 = Release|Any CPU
		{DABB18E7-473E-407E-B301-1B863A42A3F9}.Release|iPhoneSimulator.ActiveCfg = Release|Any CPU
		{DABB18E7-473E-407E-B301-1B863A42A3F9}.Release|iPhoneSimulator.Build.0 = Release|Any CPU
		{DABB18E7-473E-407E-B301-1B863A42A3F9}.Release|iPhoneSimulator.Deploy.0 = Release|Any CPU
		{4658BED1-D1DB-4D52-A19F-CB66B32A9497}.Debug|Any CPU.ActiveCfg = Debug|iPhone
		{4658BED1-D1DB-4D52-A19F-CB66B32A9497}.Debug|Any CPU.Build.0 = Debug|iPhone
		{4658BED1-D1DB-4D52-A19F-CB66B32A9497}.Debug|Any CPU.Deploy.0 = Debug|iPhone
		{4658BED1-D1DB-4D52-A19F-CB66B32A9497}.Debug|iPhone.ActiveCfg = Debug|iPhone
		{4658BED1-D1DB-4D52-A19F-CB66B32A9497}.Debug|iPhone.Build.0 = Debug|iPhone
		{4658BED1-D1DB-4D52-A19F-CB66B32A9497}.Debug|iPhone.Deploy.0 = Debug|iPhone
		{4658BED1-D1DB-4D52-A19F-CB66B32A9497}.Debug|iPhoneSimulator.ActiveCfg = Debug|iPhoneSimulator
		{4658BED1-D1DB-4D52-A19F-CB66B32A9497}.Debug|iPhoneSimulator.Build.0 = Debug|iPhoneSimulator
		{4658BED1-D1DB-4D52-A19F-CB66B32A9497}.Debug|iPhoneSimulator.Deploy.0 = Debug|iPhoneSimulator
		{4658BED1-D1DB-4D52-A19F-CB66B32A9497}.Release|Any CPU.ActiveCfg = Release|iPhoneSimulator
		{4658BED1-D1DB-4D52-A19F-CB66B32A9497}.Release|Any CPU.Build.0 = Release|iPhoneSimulator
		{4658BED1-D1DB-4D52-A19F-CB66B32A9497}.Release|Any CPU.Deploy.0 = Release|iPhoneSimulator
		{4658BED1-D1DB-4D52-A19F-CB66B32A9497}.Release|iPhone.ActiveCfg = Release|iPhone
		{4658BED1-D1DB-4D52-A19F-CB66B32A9497}.Release|iPhone.Build.0 = Release|iPhone
		{4658BED1-D1DB-4D52-A19F-CB66B32A9497}.Release|iPhone.Deploy.0 = Release|iPhone
		{4658BED1-D1DB-4D52-A19F-CB66B32A9497}.Release|iPhoneSimulator.ActiveCfg = Release|iPhoneSimulator
		{4658BED1-D1DB-4D52-A19F-CB66B32A9497}.Release|iPhoneSimulator.Build.0 = Release|iPhoneSimulator
		{4658BED1-D1DB-4D52-A19F-CB66B32A9497}.Release|iPhoneSimulator.Deploy.0 = Release|iPhoneSimulator
		{42C59D1A-5714-4A22-B13E-226CA4185502}.Debug|Any CPU.ActiveCfg = Debug|Any CPU
		{42C59D1A-5714-4A22-B13E-226CA4185502}.Debug|Any CPU.Build.0 = Debug|Any CPU
		{42C59D1A-5714-4A22-B13E-226CA4185502}.Debug|Any CPU.Deploy.0 = Debug|Any CPU
		{42C59D1A-5714-4A22-B13E-226CA4185502}.Debug|iPhone.ActiveCfg = Debug|Any CPU
		{42C59D1A-5714-4A22-B13E-226CA4185502}.Debug|iPhone.Build.0 = Debug|Any CPU
		{42C59D1A-5714-4A22-B13E-226CA4185502}.Debug|iPhone.Deploy.0 = Debug|Any CPU
		{42C59D1A-5714-4A22-B13E-226CA4185502}.Debug|iPhoneSimulator.ActiveCfg = Debug|Any CPU
		{42C59D1A-5714-4A22-B13E-226CA4185502}.Debug|iPhoneSimulator.Build.0 = Debug|Any CPU
		{42C59D1A-5714-4A22-B13E-226CA4185502}.Debug|iPhoneSimulator.Deploy.0 = Debug|Any CPU
		{42C59D1A-5714-4A22-B13E-226CA4185502}.Release|Any CPU.ActiveCfg = Release|Any CPU
		{42C59D1A-5714-4A22-B13E-226CA4185502}.Release|Any CPU.Build.0 = Release|Any CPU
		{42C59D1A-5714-4A22-B13E-226CA4185502}.Release|Any CPU.Deploy.0 = Release|Any CPU
		{42C59D1A-5714-4A22-B13E-226CA4185502}.Release|iPhone.ActiveCfg = Release|Any CPU
		{42C59D1A-5714-4A22-B13E-226CA4185502}.Release|iPhone.Build.0 = Release|Any CPU
		{42C59D1A-5714-4A22-B13E-226CA4185502}.Release|iPhone.Deploy.0 = Release|Any CPU
		{42C59D1A-5714-4A22-B13E-226CA4185502}.Release|iPhoneSimulator.ActiveCfg = Release|Any CPU
		{42C59D1A-5714-4A22-B13E-226CA4185502}.Release|iPhoneSimulator.Build.0 = Release|Any CPU
		{42C59D1A-5714-4A22-B13E-226CA4185502}.Release|iPhoneSimulator.Deploy.0 = Release|Any CPU
	EndGlobalSection
	GlobalSection(SolutionProperties) = preSolution
		HideSolutionNode = FALSE
	EndGlobalSection
	GlobalSection(ExtensibilityGlobals) = postSolution
		SolutionGuid = {E2BD4896-3880-4D89-A1E4-EE68337EC333}
	EndGlobalSection
EndGlobal
